
Microsoft Visual Studio Solution File, Format Version 12.00
# Visual Studio 14
VisualStudioVersion = 14.0.25123.0
MinimumVisualStudioVersion = 10.0.40219.1
Project("{FAE04EC0-301F-11D3-BF4B-00C04F79EFBC}") = "GVDCore", "GVDCore\GVDCore.csproj", "{1011DFA3-F632-408F-8172-B411D80A0BF7}"
EndProject
Project("{FAE04EC0-301F-11D3-BF4B-00C04F79EFBC}") = "GVDCore_Test", "GVDCore_Test\GVDCore_Test.csproj", "{4BE7494B-2AB8-45E1-9DD5-CE9B7E3B058D}"
EndProject
Global
	GlobalSection(SolutionConfigurationPlatforms) = preSolution
		Debug|Any CPU = Debug|Any CPU
		Release|Any CPU = Release|Any CPU
	EndGlobalSection
	GlobalSection(ProjectConfigurationPlatforms) = postSolution
		{1011DFA3-F632-408F-8172-B411D80A0BF7}.Debug|Any CPU.ActiveCfg = Debug|Any CPU
		{1011DFA3-F632-408F-8172-B411D80A0BF7}.Debug|Any CPU.Build.0 = Debug|Any CPU
		{1011DFA3-F632-408F-8172-B411D80A0BF7}.Release|Any CPU.ActiveCfg = Release|Any CPU
		{1011DFA3-F632-408F-8172-B411D80A0BF7}.Release|Any CPU.Build.0 = Release|Any CPU
		{4BE7494B-2AB8-45E1-9DD5-CE9B7E3B058D}.Debug|Any CPU.ActiveCfg = Debug|Any CPU
		{4BE7494B-2AB8-45E1-9DD5-CE9B7E3B058D}.Debug|Any CPU.Build.0 = Debug|Any CPU
		{4BE7494B-2AB8-45E1-9DD5-CE9B7E3B058D}.Release|Any CPU.ActiveCfg = Release|Any CPU
		{4BE7494B-2AB8-45E1-9DD5-CE9B7E3B058D}.Release|Any CPU.Build.0 = Release|Any CPU
	EndGlobalSection
	GlobalSection(SolutionProperties) = preSolution
		HideSolutionNode = FALSE
	EndGlobalSection
EndGlobal
